<?xml version="1.0" encoding="utf-8"?>
<Project ToolsVersion="4.0" xmlns="http://schemas.microsoft.com/developer/msbuild/2003">
  <ItemGroup>
    <Filter Include="Исходные файлы">
      <UniqueIdentifier>{4FC737F1-C7A5-4376-A066-2A32D752A2FF}</UniqueIdentifier>
      <Extensions>cpp;c;cc;cxx;def;odl;idl;hpj;bat;asm;asmx</Extensions>
    </Filter>
    <Filter Include="Файлы заголовков">
      <UniqueIdentifier>{93995380-89BD-4b04-88EB-625FBE52EBFB}</UniqueIdentifier>
      <Extensions>h;hh;hpp;hxx;hm;inl;inc;ipp;xsd</Extensions>
    </Filter>
    <Filter Include="Файлы ресурсов">
      <UniqueIdentifier>{67DA6AB6-F800-4c08-8B7A-83BB121AAD01}</UniqueIdentifier>
      <Extensions>rc;ico;cur;bmp;dlg;rc2;rct;bin;rgs;gif;jpg;jpeg;jpe;resx;tiff;tif;png;wav;mfcribbon-ms</Extensions>
    </Filter>
    <Filter Include="Исходные файлы\Lab1">
      <UniqueIdentifier>{d275872f-a87c-436e-885c-7d870a02a68c}</UniqueIdentifier>
    </Filter>
    <Filter Include="Исходные файлы\Lab2">
      <UniqueIdentifier>{e06c0e00-a8ae-47ba-b675-201f6a4e8e1f}</UniqueIdentifier>
    </Filter>
    <Filter Include="Исходные файлы\Common">
      <UniqueIdentifier>{fe8ab35a-eea5-4e21-92d3-5cb0964e160d}</UniqueIdentifier>
    </Filter>
    <Filter Include="Исходные файлы\Menues">
      <UniqueIdentifier>{b8383f74-bb7e-41fc-8780-26f19d3e9b92}</UniqueIdentifier>
    </Filter>
    <Filter Include="Файлы заголовков\Lab1">
      <UniqueIdentifier>{ef1dc8cc-36fa-4bc4-b769-6337fd95bf4b}</UniqueIdentifier>
    </Filter>
    <Filter Include="Файлы заголовков\Lab2">
      <UniqueIdentifier>{f6332065-5b79-4d10-94c0-77ae8625b559}</UniqueIdentifier>
    </Filter>
    <Filter Include="Файлы заголовков\Common">
      <UniqueIdentifier>{7e43eef1-9462-4cd2-bf80-aecfb1461bed}</UniqueIdentifier>
    </Filter>
    <Filter Include="Файлы заголовков\Menues">
      <UniqueIdentifier>{76b3f92e-4452-4469-99fa-526b8da16205}</UniqueIdentifier>
    </Filter>
    <Filter Include="Файлы заголовков\Lab2\Enums">
      <UniqueIdentifier>{4bebac62-30e3-458a-a0e5-dad39f544043}</UniqueIdentifier>
    </Filter>
    <Filter Include="Исходные файлы\Lab3">
      <UniqueIdentifier>{48f0009a-67bd-46df-8922-eb7044ea5964}</UniqueIdentifier>
    </Filter>
    <Filter Include="Файлы заголовков\Lab3">
      <UniqueIdentifier>{f3b2734c-bd14-47ae-9c6d-e9c4d46cba0d}</UniqueIdentifier>
    </Filter>
    <Filter Include="Файлы заголовков\Constants">
      <UniqueIdentifier>{768265e4-4c5f-4688-b0cd-2fa6e0965ee2}</UniqueIdentifier>
    </Filter>
    <Filter Include="Исходные файлы\Enums">
      <UniqueIdentifier>{bf145ff1-c1ac-4c87-ac0e-339671e279ee}</UniqueIdentifier>
    </Filter>
  </ItemGroup>
  <ItemGroup>
    <ClCompile Include="main.cpp">
      <Filter>Исходные файлы</Filter>
    </ClCompile>
    <ClCompile Include="Lab1\1.1.5.4\Task_1.1.5.4.cpp">
      <Filter>Исходные файлы\Lab1</Filter>
    </ClCompile>
    <ClCompile Include="Lab1\1.1.5.5\Task_1.1.5.5.cpp">
      <Filter>Исходные файлы\Lab1</Filter>
    </ClCompile>
    <ClCompile Include="Lab1\1.1.5.6\Task_1.1.5.6.cpp">
      <Filter>Исходные файлы\Lab1</Filter>
    </ClCompile>
    <ClCompile Include="Lab1\1.1.5.7\Task_1.1.5.7.cpp">
      <Filter>Исходные файлы\Lab1</Filter>
    </ClCompile>
    <ClCompile Include="Lab1\1.1.5.8\Task_1.1.5.8.cpp">
      <Filter>Исходные файлы\Lab1</Filter>
    </ClCompile>
    <ClCompile Include="Lab1\1.1.1.1\Task_1.1.1.1.cpp">
      <Filter>Исходные файлы\Lab1</Filter>
    </ClCompile>
    <ClCompile Include="Lab1\1.1.1.2\Task_1.1.1.2.cpp">
      <Filter>Исходные файлы\Lab1</Filter>
    </ClCompile>
    <ClCompile Include="Lab1\1.1.2.1\Task_1.1.2.1.cpp">
      <Filter>Исходные файлы\Lab1</Filter>
    </ClCompile>
    <ClCompile Include="Lab1\1.1.2.2\Task_1.1.2.2.cpp">
      <Filter>Исходные файлы\Lab1</Filter>
    </ClCompile>
    <ClCompile Include="Lab1\1.1.2.3\Task_1.1.2.3.cpp">
      <Filter>Исходные файлы\Lab1</Filter>
    </ClCompile>
    <ClCompile Include="Lab1\1.1.3.3\Task_1.1.3.3.cpp">
      <Filter>Исходные файлы\Lab1</Filter>
    </ClCompile>
    <ClCompile Include="Lab1\1.1.3.4\Task_1.1.3.4.cpp">
      <Filter>Исходные файлы\Lab1</Filter>
    </ClCompile>
    <ClCompile Include="Lab1\1.1.4.1\Task_1.1.4.1.cpp">
      <Filter>Исходные файлы\Lab1</Filter>
    </ClCompile>
    <ClCompile Include="Lab1\1.1.4.2\Task_1.1.4.2.cpp">
      <Filter>Исходные файлы\Lab1</Filter>
    </ClCompile>
    <ClCompile Include="Lab1\1.1.4.3\Task_1.1.4.3.cpp">
      <Filter>Исходные файлы\Lab1</Filter>
    </ClCompile>
    <ClCompile Include="Lab1\1.1.4.4\Task_1.1.4.4.cpp">
      <Filter>Исходные файлы\Lab1</Filter>
    </ClCompile>
    <ClCompile Include="Lab1\1.1.4.5\Task_1.1.4.5.cpp">
      <Filter>Исходные файлы\Lab1</Filter>
    </ClCompile>
    <ClCompile Include="Lab1\1.1.4.6\Task_1.1.4.6.cpp">
      <Filter>Исходные файлы\Lab1</Filter>
    </ClCompile>
    <ClCompile Include="Lab1\1.1.4.8\Task_1.1.4.8.cpp">
      <Filter>Исходные файлы\Lab1</Filter>
    </ClCompile>
    <ClCompile Include="Lab1\1.1.5.1\Task_1.1.5.1.cpp">
      <Filter>Исходные файлы\Lab1</Filter>
    </ClCompile>
    <ClCompile Include="Lab1\1.1.5.2\Task_1.1.5.2.cpp">
      <Filter>Исходные файлы\Lab1</Filter>
    </ClCompile>
    <ClCompile Include="Lab1\1.1.5.3\Task_1.1.5.3.cpp">
      <Filter>Исходные файлы\Lab1</Filter>
    </ClCompile>
    <ClCompile Include="Menues\Menu.cpp">
      <Filter>Исходные файлы\Menues</Filter>
    </ClCompile>
    <ClCompile Include="Common\Input.cpp">
      <Filter>Исходные файлы\Common</Filter>
    </ClCompile>
    <ClCompile Include="Lab2\Circle.cpp">
      <Filter>Исходные файлы\Lab2</Filter>
    </ClCompile>
    <ClCompile Include="Lab2\Exception.cpp">
      <Filter>Исходные файлы\Lab2</Filter>
    </ClCompile>
    <ClCompile Include="Lab2\FunctionStructure.cpp">
      <Filter>Исходные файлы\Lab2</Filter>
    </ClCompile>
    <ClCompile Include="Lab2\Rectangle.cpp">
      <Filter>Исходные файлы\Lab2</Filter>
    </ClCompile>
    <ClCompile Include="Lab2\Structure.cpp">
      <Filter>Исходные файлы\Lab2</Filter>
    </ClCompile>
    <ClCompile Include="Lab2\Execute.cpp">
      <Filter>Исходные файлы\Lab2</Filter>
    </ClCompile>
    <ClCompile Include="Lab3\Lab3_execute.cpp">
      <Filter>Исходные файлы\Lab3</Filter>
    </ClCompile>
    <ClCompile Include="Lab3\Book.cpp">
      <Filter>Исходные файлы\Lab3</Filter>
    </ClCompile>
    <ClCompile Include="Lab3\Point.cpp">
      <Filter>Исходные файлы\Lab3</Filter>
    </ClCompile>
    <ClCompile Include="Lab3\Route.cpp">
      <Filter>Исходные файлы\Lab3</Filter>
    </ClCompile>
    <ClCompile Include="Lab3\Band.cpp">
      <Filter>Исходные файлы\Lab3</Filter>
    </ClCompile>
    <ClCompile Include="Lab3\Album.cpp">
      <Filter>Исходные файлы\Lab3</Filter>
    </ClCompile>
    <ClCompile Include="Lab3\Flight.cpp">
      <Filter>Исходные файлы\Lab3</Filter>
    </ClCompile>
    <ClCompile Include="Lab3\Genre.cpp">
      <Filter>Исходные файлы\Lab3</Filter>
    </ClCompile>
    <ClCompile Include="Lab3\Rectangle.cpp">
      <Filter>Исходные файлы\Lab3</Filter>
    </ClCompile>
    <ClCompile Include="Lab3\Song.cpp">
      <Filter>Исходные файлы\Lab3</Filter>
    </ClCompile>
    <ClCompile Include="Lab3\Time.cpp">
      <Filter>Исходные файлы\Lab3</Filter>
    </ClCompile>
    <ClCompile Include="CurrentTime.cpp">
      <Filter>Исходные файлы\Lab3</Filter>
    </ClCompile>
    <ClCompile Include="Lab2\Enums\Enum.cpp">
      <Filter>Исходные файлы\Enums</Filter>
    </ClCompile>
  </ItemGroup>
  <ItemGroup>
    <ClInclude Include="Menues\Menu.h">
      <Filter>Файлы заголовков\Menues</Filter>
    </ClInclude>
    <ClInclude Include="Common\Input.h">
      <Filter>Файлы заголовков\Common</Filter>
    </ClInclude>
    <ClInclude Include="Lab2\Circle.h">
      <Filter>Файлы заголовков\Lab2</Filter>
    </ClInclude>
    <ClInclude Include="Lab2\Exception.h">
      <Filter>Файлы заголовков\Lab2</Filter>
    </ClInclude>
    <ClInclude Include="Common\Lab1Header.h">
      <Filter>Файлы заголовков\Lab1</Filter>
    </ClInclude>
    <ClInclude Include="Lab2\Execute.h">
      <Filter>Файлы заголовков\Lab2</Filter>
    </ClInclude>
    <ClInclude Include="Lab2\Enums\PhoneCompanyEnum.h">
      <Filter>Файлы заголовков\Lab2\Enums</Filter>
    </ClInclude>
    <ClInclude Include="Lab2\Enums\SeasonEnum.h">
      <Filter>Файлы заголовков\Lab2\Enums</Filter>
    </ClInclude>
    <ClInclude Include="Lab2\Enums\StudyTypeEnum.h">
      <Filter>Файлы заголовков\Lab2\Enums</Filter>
    </ClInclude>
    <ClInclude Include="Lab2\Enums\WeekDayEnum.h">
      <Filter>Файлы заголовков\Lab2\Enums</Filter>
    </ClInclude>
    <ClInclude Include="Lab2\Enums\ColorEnum.h">
      <Filter>Файлы заголовков\Lab2\Enums</Filter>
    </ClInclude>
    <ClInclude Include="Lab2\Enums\Enum.h">
      <Filter>Файлы заголовков\Lab2\Enums</Filter>
    </ClInclude>
    <ClInclude Include="Lab2\SongStructure.h">
      <Filter>Файлы заголовков\Lab2</Filter>
    </ClInclude>
    <ClInclude Include="Lab2\ContactStructure.h">
      <Filter>Файлы заголовков\Lab2</Filter>
    </ClInclude>
    <ClInclude Include="Lab2\SubjectStructure.h">
      <Filter>Файлы заголовков\Lab2</Filter>
    </ClInclude>
    <ClInclude Include="Lab2\Square.h">
      <Filter>Файлы заголовков\Lab2</Filter>
    </ClInclude>
    <ClInclude Include="Lab3\Book.h">
      <Filter>Файлы заголовков\Lab3</Filter>
    </ClInclude>
    <ClInclude Include="Lab3\Lab3_execute.h">
      <Filter>Файлы заголовков\Lab3</Filter>
    </ClInclude>
    <ClInclude Include="Lab3\Point.h">
      <Filter>Файлы заголовков\Lab3</Filter>
    </ClInclude>
    <ClInclude Include="Lab3\Route.h">
      <Filter>Файлы заголовков\Lab3</Filter>
    </ClInclude>
    <ClInclude Include="Lab3\Album.h">
      <Filter>Файлы заголовков\Lab3</Filter>
    </ClInclude>
    <ClInclude Include="Lab3\Band.h">
      <Filter>Файлы заголовков\Lab3</Filter>
    </ClInclude>
    <ClInclude Include="Lab3\Flight.h">
      <Filter>Файлы заголовков\Lab3</Filter>
    </ClInclude>
    <ClInclude Include="Lab3\Genre.h">
      <Filter>Файлы заголовков\Lab3</Filter>
    </ClInclude>
    <ClInclude Include="Lab3\Rectangle.h">
      <Filter>Файлы заголовков\Lab3</Filter>
    </ClInclude>
    <ClInclude Include="Lab3\Song.h">
      <Filter>Файлы заголовков\Lab3</Filter>
    </ClInclude>
    <ClInclude Include="Lab3\Time.h">
      <Filter>Файлы заголовков\Lab3</Filter>
    </ClInclude>
    <ClInclude Include="Common\Constants\Consts.h">
      <Filter>Файлы заголовков\Constants</Filter>
    </ClInclude>
    <ClInclude Include="CurrentTime.h">
      <Filter>Файлы заголовков\Lab3</Filter>
    </ClInclude>
  </ItemGroup>
</Project>